{
  "name": "New folder",
  "lockfileVersion": 2,
  "requires": true,
  "packages": {
    "": {
      "dependencies": {
        "net-socket": "^1.1.0",
        "random-bytes": "^1.0.0"
      }
    },
    "node_modules/delegates": {
      "version": "0.1.0",
      "resolved": "https://registry.npmjs.org/delegates/-/delegates-0.1.0.tgz",
      "integrity": "sha1-tLV74RoWU1F6BLJ/CUm9wyff45A="
    },
    "node_modules/net-socket": {
      "version": "1.1.0",
      "resolved": "https://registry.npmjs.org/net-socket/-/net-socket-1.1.0.tgz",
      "integrity": "sha1-x2SglVYQKSZy8YJW2xKn+aCNACY=",
      "dependencies": {
        "delegates": "^0.1.0"
      }
    },
    "node_modules/random-bytes": {
      "version": "1.0.0",
      "resolved": "https://registry.npmjs.org/random-bytes/-/random-bytes-1.0.0.tgz",
      "integrity": "sha1-T2ih3Arli9P7lYSMMDJNt11kNgs=",
      "engines": {
        "node": ">= 0.8"
      }
    }
  },
  "dependencies": {
    "delegates": {
      "version": "0.1.0",
      "resolved": "https://registry.npmjs.org/delegates/-/delegates-0.1.0.tgz",
      "integrity": "sha1-tLV74RoWU1F6BLJ/CUm9wyff45A="
    },
    "net-socket": {
      "version": "1.1.0",
      "resolved": "https://registry.npmjs.org/net-socket/-/net-socket-1.1.0.tgz",
      "integrity": "sha1-x2SglVYQKSZy8YJW2xKn+aCNACY=",
      "requires": {
        "delegates": "^0.1.0"
      }
    },
    "random-bytes": {
      "version": "1.0.0",
      "resolved": "https://registry.npmjs.org/random-bytes/-/random-bytes-1.0.0.tgz",
      "integrity": "sha1-T2ih3Arli9P7lYSMMDJNt11kNgs="
    }
  }
}
